{
  "object": {
    "pins": [
      {
        "package": "Sentry",
        "repositoryURL": "https://github.com/getsentry/sentry-cocoa.git",
        "state": {
          "branch": null,
          "revision": "5e17bd5b580ec2d6350f72081cb1c3fca4dc5b3a",
          "version": "5.2.0"
        }
      }
    ]
  },
  "version": 1
}
