// !$*UTF8*$!
{
	archiveVersion = 1;
	classes = {
	};
	objectVersion = 46;
	objects = {

/* Begin PBXBuildFile section */
		77050672187CE43300BA4635 /* Cocoa.framework in Frameworks */ = {isa = PBXBuildFile; fileRef = 77050671187CE43300BA4635 /* Cocoa.framework */; };
		7705067C187CE43300BA4635 /* InfoPlist.strings in Resources */ = {isa = PBXBuildFile; fileRef = 7705067A187CE43300BA4635 /* InfoPlist.strings */; };
		7705067E187CE43300BA4635 /* main.m in Sources */ = {isa = PBXBuildFile; fileRef = 7705067D187CE43300BA4635 /* main.m */; };
		77050682187CE43400BA4635 /* Credits.rtf in Resources */ = {isa = PBXBuildFile; fileRef = 77050680187CE43400BA4635 /* Credits.rtf */; };
		77050685187CE43400BA4635 /* SFMDocument.mm in Sources */ = {isa = PBXBuildFile; fileRef = 77050684187CE43400BA4635 /* SFMDocument.mm */; };
		77050688187CE43400BA4635 /* SFMDocument.xib in Resources */ = {isa = PBXBuildFile; fileRef = 77050686187CE43400BA4635 /* SFMDocument.xib */; };
		7705068B187CE43400BA4635 /* MainMenu.xib in Resources */ = {isa = PBXBuildFile; fileRef = 77050689187CE43400BA4635 /* MainMenu.xib */; };
		7705068D187CE43400BA4635 /* Images.xcassets in Resources */ = {isa = PBXBuildFile; fileRef = 7705068C187CE43400BA4635 /* Images.xcassets */; };
		77050694187CE43400BA4635 /* XCTest.framework in Frameworks */ = {isa = PBXBuildFile; fileRef = 77050693187CE43400BA4635 /* XCTest.framework */; };
		77050695187CE43400BA4635 /* Cocoa.framework in Frameworks */ = {isa = PBXBuildFile; fileRef = 77050671187CE43300BA4635 /* Cocoa.framework */; };
		7705069D187CE43400BA4635 /* InfoPlist.strings in Resources */ = {isa = PBXBuildFile; fileRef = 7705069B187CE43400BA4635 /* InfoPlist.strings */; };
		770506CC187CE52D00BA4635 /* bitboard.cpp in Sources */ = {isa = PBXBuildFile; fileRef = 770506A9187CE52D00BA4635 /* bitboard.cpp */; };
		770506CD187CE52D00BA4635 /* book.cpp in Sources */ = {isa = PBXBuildFile; fileRef = 770506AB187CE52D00BA4635 /* book.cpp */; };
		770506CE187CE52D00BA4635 /* color.cpp in Sources */ = {isa = PBXBuildFile; fileRef = 770506AD187CE52D00BA4635 /* color.cpp */; };
		770506CF187CE52D00BA4635 /* direction.cpp in Sources */ = {isa = PBXBuildFile; fileRef = 770506B0187CE52D00BA4635 /* direction.cpp */; };
		770506D0187CE52D00BA4635 /* mersenne.cpp in Sources */ = {isa = PBXBuildFile; fileRef = 770506B3187CE52D00BA4635 /* mersenne.cpp */; };
		770506D1187CE52D00BA4635 /* misc.cpp in Sources */ = {isa = PBXBuildFile; fileRef = 770506B5187CE52D00BA4635 /* misc.cpp */; };
		770506D2187CE52D00BA4635 /* move.cpp in Sources */ = {isa = PBXBuildFile; fileRef = 770506B7187CE52D00BA4635 /* move.cpp */; };
		770506D3187CE52D00BA4635 /* movegen.cpp in Sources */ = {isa = PBXBuildFile; fileRef = 770506B9187CE52D00BA4635 /* movegen.cpp */; };
		770506D4187CE52D00BA4635 /* movepick.cpp in Sources */ = {isa = PBXBuildFile; fileRef = 770506BB187CE52D00BA4635 /* movepick.cpp */; };
		770506D5187CE52D00BA4635 /* piece.cpp in Sources */ = {isa = PBXBuildFile; fileRef = 770506BE187CE52D00BA4635 /* piece.cpp */; };
		770506D6187CE52D00BA4635 /* position.cpp in Sources */ = {isa = PBXBuildFile; fileRef = 770506C0187CE52D00BA4635 /* position.cpp */; };
		770506D7187CE52D00BA4635 /* san.cpp in Sources */ = {isa = PBXBuildFile; fileRef = 770506C3187CE52D00BA4635 /* san.cpp */; };
		770506D8187CE52D00BA4635 /* square.cpp in Sources */ = {isa = PBXBuildFile; fileRef = 770506C6187CE52D00BA4635 /* square.cpp */; };
		770506DA187CE52D00BA4635 /* value.cpp in Sources */ = {isa = PBXBuildFile; fileRef = 770506CA187CE52D00BA4635 /* value.cpp */; };
		770506E0187CF2B100BA4635 /* SFMWindowController.mm in Sources */ = {isa = PBXBuildFile; fileRef = 770506DF187CF2B100BA4635 /* SFMWindowController.mm */; };
		773DE96F18822DD0009156C3 /* SFMPieceView.mm in Sources */ = {isa = PBXBuildFile; fileRef = 773DE96E18822DD0009156C3 /* SFMPieceView.mm */; };
		773DE97D18822DF8009156C3 /* bishop_b.pdf in Resources */ = {isa = PBXBuildFile; fileRef = 773DE97118822DF8009156C3 /* bishop_b.pdf */; };
		773DE97E18822DF8009156C3 /* bishop_w.pdf in Resources */ = {isa = PBXBuildFile; fileRef = 773DE97218822DF8009156C3 /* bishop_w.pdf */; };
		773DE97F18822DF8009156C3 /* king_b.pdf in Resources */ = {isa = PBXBuildFile; fileRef = 773DE97318822DF8009156C3 /* king_b.pdf */; };
		773DE98018822DF8009156C3 /* king_w.pdf in Resources */ = {isa = PBXBuildFile; fileRef = 773DE97418822DF8009156C3 /* king_w.pdf */; };
		773DE98118822DF8009156C3 /* knight_b.pdf in Resources */ = {isa = PBXBuildFile; fileRef = 773DE97518822DF8009156C3 /* knight_b.pdf */; };
		773DE98218822DF8009156C3 /* knight_w.pdf in Resources */ = {isa = PBXBuildFile; fileRef = 773DE97618822DF8009156C3 /* knight_w.pdf */; };
		773DE98318822DF8009156C3 /* pawn_b.pdf in Resources */ = {isa = PBXBuildFile; fileRef = 773DE97718822DF8009156C3 /* pawn_b.pdf */; };
		773DE98418822DF8009156C3 /* pawn_w.pdf in Resources */ = {isa = PBXBuildFile; fileRef = 773DE97818822DF8009156C3 /* pawn_w.pdf */; };
		773DE98518822DF8009156C3 /* queen_b.pdf in Resources */ = {isa = PBXBuildFile; fileRef = 773DE97918822DF8009156C3 /* queen_b.pdf */; };
		773DE98618822DF8009156C3 /* queen_w.pdf in Resources */ = {isa = PBXBuildFile; fileRef = 773DE97A18822DF8009156C3 /* queen_w.pdf */; };
		773DE98718822DF8009156C3 /* rook_b.pdf in Resources */ = {isa = PBXBuildFile; fileRef = 773DE97B18822DF8009156C3 /* rook_b.pdf */; };
		773DE98818822DF8009156C3 /* rook_w.pdf in Resources */ = {isa = PBXBuildFile; fileRef = 773DE97C18822DF8009156C3 /* rook_w.pdf */; };
		7752FF4718810B30003E82B3 /* SFMBoardView.mm in Sources */ = {isa = PBXBuildFile; fileRef = 7752FF4618810B30003E82B3 /* SFMBoardView.mm */; };
		77924AEA187DECEB0019C56E /* SFMPGNFile.mm in Sources */ = {isa = PBXBuildFile; fileRef = 77924AE9187DECEB0019C56E /* SFMPGNFile.mm */; };
		77924AED187DED010019C56E /* SFMChessGame.mm in Sources */ = {isa = PBXBuildFile; fileRef = 77924AEC187DED010019C56E /* SFMChessGame.mm */; };
		77924AF0187DED6E0019C56E /* SFMChessMove.mm in Sources */ = {isa = PBXBuildFile; fileRef = 77924AEF187DED6E0019C56E /* SFMChessMove.mm */; };
		77924AF3187DFA040019C56E /* SFMPlayer.mm in Sources */ = {isa = PBXBuildFile; fileRef = 77924AF2187DFA040019C56E /* SFMPlayer.mm */; };
		77924AFD187E72940019C56E /* SFMParser.mm in Sources */ = {isa = PBXBuildFile; fileRef = 77924AFC187E72940019C56E /* SFMParser.mm */; };
		77924AFF187E77770019C56E /* SFMParserTest.mm in Sources */ = {isa = PBXBuildFile; fileRef = 77924AFE187E77770019C56E /* SFMParserTest.mm */; };
		779925D9188273C800EAAEDD /* SFMChessGameTest.mm in Sources */ = {isa = PBXBuildFile; fileRef = 779925D8188273C800EAAEDD /* SFMChessGameTest.mm */; };
		779925DC1882914B00EAAEDD /* QuartzCore.framework in Frameworks */ = {isa = PBXBuildFile; fileRef = 779925DB1882914B00EAAEDD /* QuartzCore.framework */; };
		77C1BD7A187E7DB500FB2EF9 /* PositionTest.mm in Sources */ = {isa = PBXBuildFile; fileRef = 77C1BD79187E7DB500FB2EF9 /* PositionTest.mm */; };
/* End PBXBuildFile section */

/* Begin PBXContainerItemProxy section */
		77050696187CE43400BA4635 /* PBXContainerItemProxy */ = {
			isa = PBXContainerItemProxy;
			containerPortal = 77050666187CE43300BA4635 /* Project object */;
			proxyType = 1;
			remoteGlobalIDString = 7705066D187CE43300BA4635;
			remoteInfo = Stockfish;
		};
/* End PBXContainerItemProxy section */

/* Begin PBXFileReference section */
		7705066E187CE43300BA4635 /* Stockfish.app */ = {isa = PBXFileReference; explicitFileType = wrapper.application; includeInIndex = 0; path = Stockfish.app; sourceTree = BUILT_PRODUCTS_DIR; };
		77050671187CE43300BA4635 /* Cocoa.framework */ = {isa = PBXFileReference; lastKnownFileType = wrapper.framework; name = Cocoa.framework; path = System/Library/Frameworks/Cocoa.framework; sourceTree = SDKROOT; };
		77050674187CE43300BA4635 /* AppKit.framework */ = {isa = PBXFileReference; lastKnownFileType = wrapper.framework; name = AppKit.framework; path = System/Library/Frameworks/AppKit.framework; sourceTree = SDKROOT; };
		77050675187CE43300BA4635 /* CoreData.framework */ = {isa = PBXFileReference; lastKnownFileType = wrapper.framework; name = CoreData.framework; path = System/Library/Frameworks/CoreData.framework; sourceTree = SDKROOT; };
		77050676187CE43300BA4635 /* Foundation.framework */ = {isa = PBXFileReference; lastKnownFileType = wrapper.framework; name = Foundation.framework; path = System/Library/Frameworks/Foundation.framework; sourceTree = SDKROOT; };
		77050679187CE43300BA4635 /* Stockfish-Info.plist */ = {isa = PBXFileReference; lastKnownFileType = text.plist.xml; path = "Stockfish-Info.plist"; sourceTree = "<group>"; };
		7705067B187CE43300BA4635 /* en */ = {isa = PBXFileReference; lastKnownFileType = text.plist.strings; name = en; path = en.lproj/InfoPlist.strings; sourceTree = "<group>"; };
		7705067D187CE43300BA4635 /* main.m */ = {isa = PBXFileReference; lastKnownFileType = sourcecode.c.objc; path = main.m; sourceTree = "<group>"; };
		7705067F187CE43300BA4635 /* Stockfish-Prefix.pch */ = {isa = PBXFileReference; lastKnownFileType = sourcecode.c.h; path = "Stockfish-Prefix.pch"; sourceTree = "<group>"; };
		77050681187CE43400BA4635 /* en */ = {isa = PBXFileReference; lastKnownFileType = text.rtf; name = en; path = en.lproj/Credits.rtf; sourceTree = "<group>"; };
		77050683187CE43400BA4635 /* SFMDocument.h */ = {isa = PBXFileReference; lastKnownFileType = sourcecode.c.h; path = SFMDocument.h; sourceTree = "<group>"; };
		77050684187CE43400BA4635 /* SFMDocument.mm */ = {isa = PBXFileReference; lastKnownFileType = sourcecode.cpp.objcpp; path = SFMDocument.mm; sourceTree = "<group>"; };
		77050687187CE43400BA4635 /* Base */ = {isa = PBXFileReference; lastKnownFileType = file.xib; name = Base; path = Base.lproj/SFMDocument.xib; sourceTree = "<group>"; };
		7705068A187CE43400BA4635 /* Base */ = {isa = PBXFileReference; lastKnownFileType = file.xib; name = Base; path = Base.lproj/MainMenu.xib; sourceTree = "<group>"; };
		7705068C187CE43400BA4635 /* Images.xcassets */ = {isa = PBXFileReference; lastKnownFileType = folder.assetcatalog; path = Images.xcassets; sourceTree = "<group>"; };
		77050692187CE43400BA4635 /* StockfishTests.xctest */ = {isa = PBXFileReference; explicitFileType = wrapper.cfbundle; includeInIndex = 0; path = StockfishTests.xctest; sourceTree = BUILT_PRODUCTS_DIR; };
		77050693187CE43400BA4635 /* XCTest.framework */ = {isa = PBXFileReference; lastKnownFileType = wrapper.framework; name = XCTest.framework; path = Library/Frameworks/XCTest.framework; sourceTree = DEVELOPER_DIR; };
		7705069A187CE43400BA4635 /* StockfishTests-Info.plist */ = {isa = PBXFileReference; lastKnownFileType = text.plist.xml; path = "StockfishTests-Info.plist"; sourceTree = "<group>"; };
		7705069C187CE43400BA4635 /* en */ = {isa = PBXFileReference; lastKnownFileType = text.plist.strings; name = en; path = en.lproj/InfoPlist.strings; sourceTree = "<group>"; };
		770506A9187CE52D00BA4635 /* bitboard.cpp */ = {isa = PBXFileReference; fileEncoding = 4; lastKnownFileType = sourcecode.cpp.cpp; path = bitboard.cpp; sourceTree = "<group>"; };
		770506AA187CE52D00BA4635 /* bitboard.h */ = {isa = PBXFileReference; fileEncoding = 4; lastKnownFileType = sourcecode.c.h; path = bitboard.h; sourceTree = "<group>"; };
		770506AB187CE52D00BA4635 /* book.cpp */ = {isa = PBXFileReference; fileEncoding = 4; lastKnownFileType = sourcecode.cpp.cpp; path = book.cpp; sourceTree = "<group>"; };
		770506AC187CE52D00BA4635 /* book.h */ = {isa = PBXFileReference; fileEncoding = 4; lastKnownFileType = sourcecode.c.h; path = book.h; sourceTree = "<group>"; };
		770506AD187CE52D00BA4635 /* color.cpp */ = {isa = PBXFileReference; fileEncoding = 4; lastKnownFileType = sourcecode.cpp.cpp; path = color.cpp; sourceTree = "<group>"; };
		770506AE187CE52D00BA4635 /* color.h */ = {isa = PBXFileReference; fileEncoding = 4; lastKnownFileType = sourcecode.c.h; path = color.h; sourceTree = "<group>"; };
		770506AF187CE52D00BA4635 /* depth.h */ = {isa = PBXFileReference; fileEncoding = 4; lastKnownFileType = sourcecode.c.h; path = depth.h; sourceTree = "<group>"; };
		770506B0187CE52D00BA4635 /* direction.cpp */ = {isa = PBXFileReference; fileEncoding = 4; lastKnownFileType = sourcecode.cpp.cpp; path = direction.cpp; sourceTree = "<group>"; };
		770506B1187CE52D00BA4635 /* direction.h */ = {isa = PBXFileReference; fileEncoding = 4; lastKnownFileType = sourcecode.c.h; path = direction.h; sourceTree = "<group>"; };
		770506B2187CE52D00BA4635 /* lock.h */ = {isa = PBXFileReference; fileEncoding = 4; lastKnownFileType = sourcecode.c.h; path = lock.h; sourceTree = "<group>"; };
		770506B3187CE52D00BA4635 /* mersenne.cpp */ = {isa = PBXFileReference; fileEncoding = 4; lastKnownFileType = sourcecode.cpp.cpp; path = mersenne.cpp; sourceTree = "<group>"; };
		770506B4187CE52D00BA4635 /* mersenne.h */ = {isa = PBXFileReference; fileEncoding = 4; lastKnownFileType = sourcecode.c.h; path = mersenne.h; sourceTree = "<group>"; };
		770506B5187CE52D00BA4635 /* misc.cpp */ = {isa = PBXFileReference; fileEncoding = 4; lastKnownFileType = sourcecode.cpp.cpp; path = misc.cpp; sourceTree = "<group>"; };
		770506B6187CE52D00BA4635 /* misc.h */ = {isa = PBXFileReference; fileEncoding = 4; lastKnownFileType = sourcecode.c.h; path = misc.h; sourceTree = "<group>"; };
		770506B7187CE52D00BA4635 /* move.cpp */ = {isa = PBXFileReference; fileEncoding = 4; lastKnownFileType = sourcecode.cpp.cpp; path = move.cpp; sourceTree = "<group>"; };
		770506B8187CE52D00BA4635 /* move.h */ = {isa = PBXFileReference; fileEncoding = 4; lastKnownFileType = sourcecode.c.h; path = move.h; sourceTree = "<group>"; };
		770506B9187CE52D00BA4635 /* movegen.cpp */ = {isa = PBXFileReference; fileEncoding = 4; lastKnownFileType = sourcecode.cpp.cpp; path = movegen.cpp; sourceTree = "<group>"; };
		770506BA187CE52D00BA4635 /* movegen.h */ = {isa = PBXFileReference; fileEncoding = 4; lastKnownFileType = sourcecode.c.h; path = movegen.h; sourceTree = "<group>"; };
		770506BB187CE52D00BA4635 /* movepick.cpp */ = {isa = PBXFileReference; fileEncoding = 4; lastKnownFileType = sourcecode.cpp.cpp; path = movepick.cpp; sourceTree = "<group>"; };
		770506BC187CE52D00BA4635 /* movepick.h */ = {isa = PBXFileReference; fileEncoding = 4; lastKnownFileType = sourcecode.c.h; path = movepick.h; sourceTree = "<group>"; };
		770506BD187CE52D00BA4635 /* phase.h */ = {isa = PBXFileReference; fileEncoding = 4; lastKnownFileType = sourcecode.c.h; path = phase.h; sourceTree = "<group>"; };
		770506BE187CE52D00BA4635 /* piece.cpp */ = {isa = PBXFileReference; fileEncoding = 4; lastKnownFileType = sourcecode.cpp.cpp; path = piece.cpp; sourceTree = "<group>"; };
		770506BF187CE52D00BA4635 /* piece.h */ = {isa = PBXFileReference; fileEncoding = 4; lastKnownFileType = sourcecode.c.h; path = piece.h; sourceTree = "<group>"; };
		770506C0187CE52D00BA4635 /* position.cpp */ = {isa = PBXFileReference; fileEncoding = 4; lastKnownFileType = sourcecode.cpp.cpp; path = position.cpp; sourceTree = "<group>"; };
		770506C1187CE52D00BA4635 /* position.h */ = {isa = PBXFileReference; fileEncoding = 4; lastKnownFileType = sourcecode.c.h; path = position.h; sourceTree = "<group>"; };
		770506C2187CE52D00BA4635 /* psqtab.h */ = {isa = PBXFileReference; fileEncoding = 4; lastKnownFileType = sourcecode.c.h; path = psqtab.h; sourceTree = "<group>"; };
		770506C3187CE52D00BA4635 /* san.cpp */ = {isa = PBXFileReference; fileEncoding = 4; lastKnownFileType = sourcecode.cpp.cpp; path = san.cpp; sourceTree = "<group>"; };
		770506C4187CE52D00BA4635 /* san.h */ = {isa = PBXFileReference; fileEncoding = 4; lastKnownFileType = sourcecode.c.h; path = san.h; sourceTree = "<group>"; };
		770506C5187CE52D00BA4635 /* scale.h */ = {isa = PBXFileReference; fileEncoding = 4; lastKnownFileType = sourcecode.c.h; path = scale.h; sourceTree = "<group>"; };
		770506C6187CE52D00BA4635 /* square.cpp */ = {isa = PBXFileReference; fileEncoding = 4; lastKnownFileType = sourcecode.cpp.cpp; path = square.cpp; sourceTree = "<group>"; };
		770506C7187CE52D00BA4635 /* square.h */ = {isa = PBXFileReference; fileEncoding = 4; lastKnownFileType = sourcecode.c.h; path = square.h; sourceTree = "<group>"; };
		770506C9187CE52D00BA4635 /* types.h */ = {isa = PBXFileReference; fileEncoding = 4; lastKnownFileType = sourcecode.c.h; path = types.h; sourceTree = "<group>"; };
		770506CA187CE52D00BA4635 /* value.cpp */ = {isa = PBXFileReference; fileEncoding = 4; lastKnownFileType = sourcecode.cpp.cpp; path = value.cpp; sourceTree = "<group>"; };
		770506CB187CE52D00BA4635 /* value.h */ = {isa = PBXFileReference; fileEncoding = 4; lastKnownFileType = sourcecode.c.h; path = value.h; sourceTree = "<group>"; };
		770506DE187CF2B100BA4635 /* SFMWindowController.h */ = {isa = PBXFileReference; fileEncoding = 4; lastKnownFileType = sourcecode.c.h; path = SFMWindowController.h; sourceTree = "<group>"; };
		770506DF187CF2B100BA4635 /* SFMWindowController.mm */ = {isa = PBXFileReference; fileEncoding = 4; lastKnownFileType = sourcecode.cpp.objcpp; path = SFMWindowController.mm; sourceTree = "<group>"; };
		773DE96D18822DD0009156C3 /* SFMPieceView.h */ = {isa = PBXFileReference; fileEncoding = 4; lastKnownFileType = sourcecode.c.h; name = SFMPieceView.h; path = Stockfish/SFMPieceView.h; sourceTree = "<group>"; };
		773DE96E18822DD0009156C3 /* SFMPieceView.mm */ = {isa = PBXFileReference; fileEncoding = 4; lastKnownFileType = sourcecode.cpp.objcpp; name = SFMPieceView.mm; path = Stockfish/SFMPieceView.mm; sourceTree = "<group>"; };
		773DE97118822DF8009156C3 /* bishop_b.pdf */ = {isa = PBXFileReference; lastKnownFileType = image.pdf; path = bishop_b.pdf; sourceTree = "<group>"; };
		773DE97218822DF8009156C3 /* bishop_w.pdf */ = {isa = PBXFileReference; lastKnownFileType = image.pdf; path = bishop_w.pdf; sourceTree = "<group>"; };
		773DE97318822DF8009156C3 /* king_b.pdf */ = {isa = PBXFileReference; lastKnownFileType = image.pdf; path = king_b.pdf; sourceTree = "<group>"; };
		773DE97418822DF8009156C3 /* king_w.pdf */ = {isa = PBXFileReference; lastKnownFileType = image.pdf; path = king_w.pdf; sourceTree = "<group>"; };
		773DE97518822DF8009156C3 /* knight_b.pdf */ = {isa = PBXFileReference; lastKnownFileType = image.pdf; path = knight_b.pdf; sourceTree = "<group>"; };
		773DE97618822DF8009156C3 /* knight_w.pdf */ = {isa = PBXFileReference; lastKnownFileType = image.pdf; path = knight_w.pdf; sourceTree = "<group>"; };
		773DE97718822DF8009156C3 /* pawn_b.pdf */ = {isa = PBXFileReference; lastKnownFileType = image.pdf; path = pawn_b.pdf; sourceTree = "<group>"; };
		773DE97818822DF8009156C3 /* pawn_w.pdf */ = {isa = PBXFileReference; lastKnownFileType = image.pdf; path = pawn_w.pdf; sourceTree = "<group>"; };
		773DE97918822DF8009156C3 /* queen_b.pdf */ = {isa = PBXFileReference; lastKnownFileType = image.pdf; path = queen_b.pdf; sourceTree = "<group>"; };
		773DE97A18822DF8009156C3 /* queen_w.pdf */ = {isa = PBXFileReference; lastKnownFileType = image.pdf; path = queen_w.pdf; sourceTree = "<group>"; };
		773DE97B18822DF8009156C3 /* rook_b.pdf */ = {isa = PBXFileReference; lastKnownFileType = image.pdf; path = rook_b.pdf; sourceTree = "<group>"; };
		773DE97C18822DF8009156C3 /* rook_w.pdf */ = {isa = PBXFileReference; lastKnownFileType = image.pdf; path = rook_w.pdf; sourceTree = "<group>"; };
		7752FF4518810B30003E82B3 /* SFMBoardView.h */ = {isa = PBXFileReference; fileEncoding = 4; lastKnownFileType = sourcecode.c.h; name = SFMBoardView.h; path = Stockfish/SFMBoardView.h; sourceTree = "<group>"; };
		7752FF4618810B30003E82B3 /* SFMBoardView.mm */ = {isa = PBXFileReference; fileEncoding = 4; lastKnownFileType = sourcecode.cpp.objcpp; name = SFMBoardView.mm; path = Stockfish/SFMBoardView.mm; sourceTree = "<group>"; };
		77924AE8187DECEB0019C56E /* SFMPGNFile.h */ = {isa = PBXFileReference; fileEncoding = 4; lastKnownFileType = sourcecode.c.h; name = SFMPGNFile.h; path = Stockfish/SFMPGNFile.h; sourceTree = "<group>"; };
		77924AE9187DECEB0019C56E /* SFMPGNFile.mm */ = {isa = PBXFileReference; fileEncoding = 4; lastKnownFileType = sourcecode.cpp.objcpp; name = SFMPGNFile.mm; path = Stockfish/SFMPGNFile.mm; sourceTree = "<group>"; };
		77924AEB187DED010019C56E /* SFMChessGame.h */ = {isa = PBXFileReference; fileEncoding = 4; lastKnownFileType = sourcecode.c.h; name = SFMChessGame.h; path = Stockfish/SFMChessGame.h; sourceTree = "<group>"; };
		77924AEC187DED010019C56E /* SFMChessGame.mm */ = {isa = PBXFileReference; fileEncoding = 4; lastKnownFileType = sourcecode.cpp.objcpp; name = SFMChessGame.mm; path = Stockfish/SFMChessGame.mm; sourceTree = "<group>"; };
		77924AEE187DED6E0019C56E /* SFMChessMove.h */ = {isa = PBXFileReference; fileEncoding = 4; lastKnownFileType = sourcecode.c.h; name = SFMChessMove.h; path = Stockfish/SFMChessMove.h; sourceTree = "<group>"; };
		77924AEF187DED6E0019C56E /* SFMChessMove.mm */ = {isa = PBXFileReference; fileEncoding = 4; lastKnownFileType = sourcecode.cpp.objcpp; name = SFMChessMove.mm; path = Stockfish/SFMChessMove.mm; sourceTree = "<group>"; };
		77924AF1187DFA040019C56E /* SFMPlayer.h */ = {isa = PBXFileReference; fileEncoding = 4; lastKnownFileType = sourcecode.c.h; name = SFMPlayer.h; path = Stockfish/SFMPlayer.h; sourceTree = "<group>"; };
		77924AF2187DFA040019C56E /* SFMPlayer.mm */ = {isa = PBXFileReference; fileEncoding = 4; lastKnownFileType = sourcecode.cpp.objcpp; name = SFMPlayer.mm; path = Stockfish/SFMPlayer.mm; sourceTree = "<group>"; };
		77924AF8187E57740019C56E /* Constants.h */ = {isa = PBXFileReference; fileEncoding = 4; lastKnownFileType = sourcecode.c.h; name = Constants.h; path = Stockfish/Constants.h; sourceTree = "<group>"; };
		77924AFB187E72940019C56E /* SFMParser.h */ = {isa = PBXFileReference; fileEncoding = 4; lastKnownFileType = sourcecode.c.h; name = SFMParser.h; path = Stockfish/SFMParser.h; sourceTree = "<group>"; };
		77924AFC187E72940019C56E /* SFMParser.mm */ = {isa = PBXFileReference; fileEncoding = 4; lastKnownFileType = sourcecode.cpp.objcpp; name = SFMParser.mm; path = Stockfish/SFMParser.mm; sourceTree = "<group>"; };
		77924AFE187E77770019C56E /* SFMParserTest.mm */ = {isa = PBXFileReference; fileEncoding = 4; lastKnownFileType = sourcecode.cpp.objcpp; path = SFMParserTest.mm; sourceTree = "<group>"; };
		779925D8188273C800EAAEDD /* SFMChessGameTest.mm */ = {isa = PBXFileReference; fileEncoding = 4; lastKnownFileType = sourcecode.cpp.objcpp; path = SFMChessGameTest.mm; sourceTree = "<group>"; };
		779925DA18828B6B00EAAEDD /* SFMBoardViewDelegate.h */ = {isa = PBXFileReference; fileEncoding = 4; lastKnownFileType = sourcecode.c.h; name = SFMBoardViewDelegate.h; path = Stockfish/SFMBoardViewDelegate.h; sourceTree = "<group>"; };
		779925DB1882914B00EAAEDD /* QuartzCore.framework */ = {isa = PBXFileReference; lastKnownFileType = wrapper.framework; name = QuartzCore.framework; path = System/Library/Frameworks/QuartzCore.framework; sourceTree = SDKROOT; };
		77C1BD79187E7DB500FB2EF9 /* PositionTest.mm */ = {isa = PBXFileReference; fileEncoding = 4; lastKnownFileType = sourcecode.cpp.objcpp; path = PositionTest.mm; sourceTree = "<group>"; };
/* End PBXFileReference section */

/* Begin PBXFrameworksBuildPhase section */
		7705066B187CE43300BA4635 /* Frameworks */ = {
			isa = PBXFrameworksBuildPhase;
			buildActionMask = 2147483647;
			files = (
				779925DC1882914B00EAAEDD /* QuartzCore.framework in Frameworks */,
				77050672187CE43300BA4635 /* Cocoa.framework in Frameworks */,
			);
			runOnlyForDeploymentPostprocessing = 0;
		};
		7705068F187CE43400BA4635 /* Frameworks */ = {
			isa = PBXFrameworksBuildPhase;
			buildActionMask = 2147483647;
			files = (
				77050695187CE43400BA4635 /* Cocoa.framework in Frameworks */,
				77050694187CE43400BA4635 /* XCTest.framework in Frameworks */,
			);
			runOnlyForDeploymentPostprocessing = 0;
		};
/* End PBXFrameworksBuildPhase section */

/* Begin PBXGroup section */
		77050665187CE43300BA4635 = {
			isa = PBXGroup;
			children = (
				779925DA18828B6B00EAAEDD /* SFMBoardViewDelegate.h */,
				773DE97018822DF8009156C3 /* Piece PDFs */,
				7752FF4818810B34003E82B3 /* View */,
				7715B8AD187E8981006F2366 /* Model */,
				77924AF8187E57740019C56E /* Constants.h */,
				7715B8AE187E89A8006F2366 /* UI */,
				770506A8187CE52D00BA4635 /* Chess */,
				77050677187CE43300BA4635 /* Stockfish */,
				77050698187CE43400BA4635 /* StockfishTests */,
				77050670187CE43300BA4635 /* Frameworks */,
				7705066F187CE43300BA4635 /* Products */,
			);
			sourceTree = "<group>";
		};
		7705066F187CE43300BA4635 /* Products */ = {
			isa = PBXGroup;
			children = (
				7705066E187CE43300BA4635 /* Stockfish.app */,
				77050692187CE43400BA4635 /* StockfishTests.xctest */,
			);
			name = Products;
			sourceTree = "<group>";
		};
		77050670187CE43300BA4635 /* Frameworks */ = {
			isa = PBXGroup;
			children = (
				779925DB1882914B00EAAEDD /* QuartzCore.framework */,
				77050671187CE43300BA4635 /* Cocoa.framework */,
				77050693187CE43400BA4635 /* XCTest.framework */,
				77050673187CE43300BA4635 /* Other Frameworks */,
			);
			name = Frameworks;
			sourceTree = "<group>";
		};
		77050673187CE43300BA4635 /* Other Frameworks */ = {
			isa = PBXGroup;
			children = (
				77050674187CE43300BA4635 /* AppKit.framework */,
				77050675187CE43300BA4635 /* CoreData.framework */,
				77050676187CE43300BA4635 /* Foundation.framework */,
			);
			name = "Other Frameworks";
			sourceTree = "<group>";
		};
		77050677187CE43300BA4635 /* Stockfish */ = {
			isa = PBXGroup;
			children = (
				77050683187CE43400BA4635 /* SFMDocument.h */,
				77050684187CE43400BA4635 /* SFMDocument.mm */,
				770506DE187CF2B100BA4635 /* SFMWindowController.h */,
				770506DF187CF2B100BA4635 /* SFMWindowController.mm */,
				77050678187CE43300BA4635 /* Supporting Files */,
			);
			path = Stockfish;
			sourceTree = "<group>";
		};
		77050678187CE43300BA4635 /* Supporting Files */ = {
			isa = PBXGroup;
			children = (
				77050679187CE43300BA4635 /* Stockfish-Info.plist */,
				7705067A187CE43300BA4635 /* InfoPlist.strings */,
				7705067D187CE43300BA4635 /* main.m */,
				7705067F187CE43300BA4635 /* Stockfish-Prefix.pch */,
				77050680187CE43400BA4635 /* Credits.rtf */,
			);
			name = "Supporting Files";
			sourceTree = "<group>";
		};
		77050698187CE43400BA4635 /* StockfishTests */ = {
			isa = PBXGroup;
			children = (
				77050699187CE43400BA4635 /* Supporting Files */,
				77924AFE187E77770019C56E /* SFMParserTest.mm */,
				779925D8188273C800EAAEDD /* SFMChessGameTest.mm */,
				77C1BD79187E7DB500FB2EF9 /* PositionTest.mm */,
			);
			path = StockfishTests;
			sourceTree = "<group>";
		};
		77050699187CE43400BA4635 /* Supporting Files */ = {
			isa = PBXGroup;
			children = (
				7705069A187CE43400BA4635 /* StockfishTests-Info.plist */,
				7705069B187CE43400BA4635 /* InfoPlist.strings */,
			);
			name = "Supporting Files";
			sourceTree = "<group>";
		};
		770506A8187CE52D00BA4635 /* Chess */ = {
			isa = PBXGroup;
			children = (
				770506A9187CE52D00BA4635 /* bitboard.cpp */,
				770506AA187CE52D00BA4635 /* bitboard.h */,
				770506AB187CE52D00BA4635 /* book.cpp */,
				770506AC187CE52D00BA4635 /* book.h */,
				770506AD187CE52D00BA4635 /* color.cpp */,
				770506AE187CE52D00BA4635 /* color.h */,
				770506AF187CE52D00BA4635 /* depth.h */,
				770506B0187CE52D00BA4635 /* direction.cpp */,
				770506B1187CE52D00BA4635 /* direction.h */,
				770506B2187CE52D00BA4635 /* lock.h */,
				770506B3187CE52D00BA4635 /* mersenne.cpp */,
				770506B4187CE52D00BA4635 /* mersenne.h */,
				770506B5187CE52D00BA4635 /* misc.cpp */,
				770506B6187CE52D00BA4635 /* misc.h */,
				770506B7187CE52D00BA4635 /* move.cpp */,
				770506B8187CE52D00BA4635 /* move.h */,
				770506B9187CE52D00BA4635 /* movegen.cpp */,
				770506BA187CE52D00BA4635 /* movegen.h */,
				770506BB187CE52D00BA4635 /* movepick.cpp */,
				770506BC187CE52D00BA4635 /* movepick.h */,
				770506BD187CE52D00BA4635 /* phase.h */,
				770506BE187CE52D00BA4635 /* piece.cpp */,
				770506BF187CE52D00BA4635 /* piece.h */,
				770506C0187CE52D00BA4635 /* position.cpp */,
				770506C1187CE52D00BA4635 /* position.h */,
				770506C2187CE52D00BA4635 /* psqtab.h */,
				770506C3187CE52D00BA4635 /* san.cpp */,
				770506C4187CE52D00BA4635 /* san.h */,
				770506C5187CE52D00BA4635 /* scale.h */,
				770506C6187CE52D00BA4635 /* square.cpp */,
				770506C7187CE52D00BA4635 /* square.h */,
				770506C9187CE52D00BA4635 /* types.h */,
				770506CA187CE52D00BA4635 /* value.cpp */,
				770506CB187CE52D00BA4635 /* value.h */,
			);
			path = Chess;
			sourceTree = "<group>";
		};
		7715B8AD187E8981006F2366 /* Model */ = {
			isa = PBXGroup;
			children = (
				77924AFB187E72940019C56E /* SFMParser.h */,
				77924AFC187E72940019C56E /* SFMParser.mm */,
				77924AF1187DFA040019C56E /* SFMPlayer.h */,
				77924AF2187DFA040019C56E /* SFMPlayer.mm */,
				77924AEE187DED6E0019C56E /* SFMChessMove.h */,
				77924AEF187DED6E0019C56E /* SFMChessMove.mm */,
				77924AE8187DECEB0019C56E /* SFMPGNFile.h */,
				77924AE9187DECEB0019C56E /* SFMPGNFile.mm */,
				77924AEB187DED010019C56E /* SFMChessGame.h */,
				77924AEC187DED010019C56E /* SFMChessGame.mm */,
			);
			name = Model;
			sourceTree = "<group>";
		};
		7715B8AE187E89A8006F2366 /* UI */ = {
			isa = PBXGroup;
			children = (
				77050686187CE43400BA4635 /* SFMDocument.xib */,
				77050689187CE43400BA4635 /* MainMenu.xib */,
				7705068C187CE43400BA4635 /* Images.xcassets */,
			);
			name = UI;
			path = Stockfish;
			sourceTree = "<group>";
		};
		773DE97018822DF8009156C3 /* Piece PDFs */ = {
			isa = PBXGroup;
			children = (
				773DE97118822DF8009156C3 /* bishop_b.pdf */,
				773DE97218822DF8009156C3 /* bishop_w.pdf */,
				773DE97318822DF8009156C3 /* king_b.pdf */,
				773DE97418822DF8009156C3 /* king_w.pdf */,
				773DE97518822DF8009156C3 /* knight_b.pdf */,
				773DE97618822DF8009156C3 /* knight_w.pdf */,
				773DE97718822DF8009156C3 /* pawn_b.pdf */,
				773DE97818822DF8009156C3 /* pawn_w.pdf */,
				773DE97918822DF8009156C3 /* queen_b.pdf */,
				773DE97A18822DF8009156C3 /* queen_w.pdf */,
				773DE97B18822DF8009156C3 /* rook_b.pdf */,
				773DE97C18822DF8009156C3 /* rook_w.pdf */,
			);
			name = "Piece PDFs";
			path = "Stockfish/Piece PDFs";
			sourceTree = "<group>";
		};
		7752FF4818810B34003E82B3 /* View */ = {
			isa = PBXGroup;
			children = (
				7752FF4518810B30003E82B3 /* SFMBoardView.h */,
				7752FF4618810B30003E82B3 /* SFMBoardView.mm */,
				773DE96D18822DD0009156C3 /* SFMPieceView.h */,
				773DE96E18822DD0009156C3 /* SFMPieceView.mm */,
			);
			name = View;
			sourceTree = "<group>";
		};
/* End PBXGroup section */

/* Begin PBXNativeTarget section */
		7705066D187CE43300BA4635 /* Stockfish */ = {
			isa = PBXNativeTarget;
			buildConfigurationList = 770506A2187CE43400BA4635 /* Build configuration list for PBXNativeTarget "Stockfish" */;
			buildPhases = (
				7705066A187CE43300BA4635 /* Sources */,
				7705066B187CE43300BA4635 /* Frameworks */,
				7705066C187CE43300BA4635 /* Resources */,
			);
			buildRules = (
			);
			dependencies = (
			);
			name = Stockfish;
			productName = Stockfish;
			productReference = 7705066E187CE43300BA4635 /* Stockfish.app */;
			productType = "com.apple.product-type.application";
		};
		77050691187CE43400BA4635 /* StockfishTests */ = {
			isa = PBXNativeTarget;
			buildConfigurationList = 770506A5187CE43400BA4635 /* Build configuration list for PBXNativeTarget "StockfishTests" */;
			buildPhases = (
				7705068E187CE43400BA4635 /* Sources */,
				7705068F187CE43400BA4635 /* Frameworks */,
				77050690187CE43400BA4635 /* Resources */,
			);
			buildRules = (
			);
			dependencies = (
				77050697187CE43400BA4635 /* PBXTargetDependency */,
			);
			name = StockfishTests;
			productName = StockfishTests;
			productReference = 77050692187CE43400BA4635 /* StockfishTests.xctest */;
			productType = "com.apple.product-type.bundle.unit-test";
		};
/* End PBXNativeTarget section */

/* Begin PBXProject section */
		77050666187CE43300BA4635 /* Project object */ = {
			isa = PBXProject;
			attributes = {
				CLASSPREFIX = SFM;
				LastUpgradeCheck = 0510;
				ORGANIZATIONNAME = "Daylen Yang";
				TargetAttributes = {
					77050691187CE43400BA4635 = {
						TestTargetID = 7705066D187CE43300BA4635;
					};
				};
			};
			buildConfigurationList = 77050669187CE43300BA4635 /* Build configuration list for PBXProject "Stockfish" */;
			compatibilityVersion = "Xcode 3.2";
			developmentRegion = English;
			hasScannedForEncodings = 0;
			knownRegions = (
				en,
				Base,
			);
			mainGroup = 77050665187CE43300BA4635;
			productRefGroup = 7705066F187CE43300BA4635 /* Products */;
			projectDirPath = "";
			projectRoot = "";
			targets = (
				7705066D187CE43300BA4635 /* Stockfish */,
				77050691187CE43400BA4635 /* StockfishTests */,
			);
		};
/* End PBXProject section */

/* Begin PBXResourcesBuildPhase section */
		7705066C187CE43300BA4635 /* Resources */ = {
			isa = PBXResourcesBuildPhase;
			buildActionMask = 2147483647;
			files = (
				773DE97E18822DF8009156C3 /* bishop_w.pdf in Resources */,
				773DE98318822DF8009156C3 /* pawn_b.pdf in Resources */,
				773DE98218822DF8009156C3 /* knight_w.pdf in Resources */,
				77050688187CE43400BA4635 /* SFMDocument.xib in Resources */,
				773DE98118822DF8009156C3 /* knight_b.pdf in Resources */,
				7705068D187CE43400BA4635 /* Images.xcassets in Resources */,
				7705067C187CE43300BA4635 /* InfoPlist.strings in Resources */,
				773DE97F18822DF8009156C3 /* king_b.pdf in Resources */,
				77050682187CE43400BA4635 /* Credits.rtf in Resources */,
				773DE97D18822DF8009156C3 /* bishop_b.pdf in Resources */,
				773DE98518822DF8009156C3 /* queen_b.pdf in Resources */,
				7705068B187CE43400BA4635 /* MainMenu.xib in Resources */,
				773DE98618822DF8009156C3 /* queen_w.pdf in Resources */,
				773DE98018822DF8009156C3 /* king_w.pdf in Resources */,
				773DE98718822DF8009156C3 /* rook_b.pdf in Resources */,
				773DE98818822DF8009156C3 /* rook_w.pdf in Resources */,
				773DE98418822DF8009156C3 /* pawn_w.pdf in Resources */,
			);
			runOnlyForDeploymentPostprocessing = 0;
		};
		77050690187CE43400BA4635 /* Resources */ = {
			isa = PBXResourcesBuildPhase;
			buildActionMask = 2147483647;
			files = (
				7705069D187CE43400BA4635 /* InfoPlist.strings in Resources */,
			);
			runOnlyForDeploymentPostprocessing = 0;
		};
/* End PBXResourcesBuildPhase section */

/* Begin PBXSourcesBuildPhase section */
		7705066A187CE43300BA4635 /* Sources */ = {
			isa = PBXSourcesBuildPhase;
			buildActionMask = 2147483647;
			files = (
				770506D0187CE52D00BA4635 /* mersenne.cpp in Sources */,
				770506D6187CE52D00BA4635 /* position.cpp in Sources */,
				770506D7187CE52D00BA4635 /* san.cpp in Sources */,
				770506CE187CE52D00BA4635 /* color.cpp in Sources */,
				770506D2187CE52D00BA4635 /* move.cpp in Sources */,
				77924AED187DED010019C56E /* SFMChessGame.mm in Sources */,
				770506E0187CF2B100BA4635 /* SFMWindowController.mm in Sources */,
				770506D3187CE52D00BA4635 /* movegen.cpp in Sources */,
				770506CD187CE52D00BA4635 /* book.cpp in Sources */,
				77924AFD187E72940019C56E /* SFMParser.mm in Sources */,
				770506DA187CE52D00BA4635 /* value.cpp in Sources */,
				7752FF4718810B30003E82B3 /* SFMBoardView.mm in Sources */,
				770506D8187CE52D00BA4635 /* square.cpp in Sources */,
				77924AF3187DFA040019C56E /* SFMPlayer.mm in Sources */,
				77924AEA187DECEB0019C56E /* SFMPGNFile.mm in Sources */,
				7705067E187CE43300BA4635 /* main.m in Sources */,
				773DE96F18822DD0009156C3 /* SFMPieceView.mm in Sources */,
				770506CF187CE52D00BA4635 /* direction.cpp in Sources */,
				770506D1187CE52D00BA4635 /* misc.cpp in Sources */,
				770506D5187CE52D00BA4635 /* piece.cpp in Sources */,
				77924AF0187DED6E0019C56E /* SFMChessMove.mm in Sources */,
				770506D4187CE52D00BA4635 /* movepick.cpp in Sources */,
				77050685187CE43400BA4635 /* SFMDocument.mm in Sources */,
				770506CC187CE52D00BA4635 /* bitboard.cpp in Sources */,
			);
			runOnlyForDeploymentPostprocessing = 0;
		};
		7705068E187CE43400BA4635 /* Sources */ = {
			isa = PBXSourcesBuildPhase;
			buildActionMask = 2147483647;
			files = (
				779925D9188273C800EAAEDD /* SFMChessGameTest.mm in Sources */,
				77C1BD7A187E7DB500FB2EF9 /* PositionTest.mm in Sources */,
				77924AFF187E77770019C56E /* SFMParserTest.mm in Sources */,
			);
			runOnlyForDeploymentPostprocessing = 0;
		};
/* End PBXSourcesBuildPhase section */

/* Begin PBXTargetDependency section */
		77050697187CE43400BA4635 /* PBXTargetDependency */ = {
			isa = PBXTargetDependency;
			target = 7705066D187CE43300BA4635 /* Stockfish */;
			targetProxy = 77050696187CE43400BA4635 /* PBXContainerItemProxy */;
		};
/* End PBXTargetDependency section */

/* Begin PBXVariantGroup section */
		7705067A187CE43300BA4635 /* InfoPlist.strings */ = {
			isa = PBXVariantGroup;
			children = (
				7705067B187CE43300BA4635 /* en */,
			);
			name = InfoPlist.strings;
			sourceTree = "<group>";
		};
		77050680187CE43400BA4635 /* Credits.rtf */ = {
			isa = PBXVariantGroup;
			children = (
				77050681187CE43400BA4635 /* en */,
			);
			name = Credits.rtf;
			sourceTree = "<group>";
		};
		77050686187CE43400BA4635 /* SFMDocument.xib */ = {
			isa = PBXVariantGroup;
			children = (
				77050687187CE43400BA4635 /* Base */,
			);
			name = SFMDocument.xib;
			sourceTree = "<group>";
		};
		77050689187CE43400BA4635 /* MainMenu.xib */ = {
			isa = PBXVariantGroup;
			children = (
				7705068A187CE43400BA4635 /* Base */,
			);
			name = MainMenu.xib;
			sourceTree = "<group>";
		};
		7705069B187CE43400BA4635 /* InfoPlist.strings */ = {
			isa = PBXVariantGroup;
			children = (
				7705069C187CE43400BA4635 /* en */,
			);
			name = InfoPlist.strings;
			sourceTree = "<group>";
		};
/* End PBXVariantGroup section */

/* Begin XCBuildConfiguration section */
		770506A0187CE43400BA4635 /* Debug */ = {
			isa = XCBuildConfiguration;
			buildSettings = {
				ALWAYS_SEARCH_USER_PATHS = NO;
				CLANG_CXX_LANGUAGE_STANDARD = "gnu++0x";
				CLANG_CXX_LIBRARY = "libc++";
				CLANG_ENABLE_OBJC_ARC = YES;
				CLANG_WARN_BOOL_CONVERSION = YES;
				CLANG_WARN_CONSTANT_CONVERSION = YES;
				CLANG_WARN_DIRECT_OBJC_ISA_USAGE = YES_ERROR;
				CLANG_WARN_EMPTY_BODY = YES;
				CLANG_WARN_ENUM_CONVERSION = YES;
				CLANG_WARN_INT_CONVERSION = YES;
				CLANG_WARN_OBJC_ROOT_CLASS = YES_ERROR;
				CLANG_WARN__DUPLICATE_METHOD_MATCH = YES;
				COPY_PHASE_STRIP = NO;
				GCC_C_LANGUAGE_STANDARD = gnu99;
				GCC_DYNAMIC_NO_PIC = NO;
				GCC_ENABLE_OBJC_EXCEPTIONS = YES;
				GCC_OPTIMIZATION_LEVEL = 0;
				GCC_PREPROCESSOR_DEFINITIONS = (
					"DEBUG=1",
					"$(inherited)",
				);
				GCC_SYMBOLS_PRIVATE_EXTERN = NO;
				GCC_WARN_64_TO_32_BIT_CONVERSION = YES;
				GCC_WARN_ABOUT_RETURN_TYPE = YES_ERROR;
				GCC_WARN_UNDECLARED_SELECTOR = YES;
				GCC_WARN_UNINITIALIZED_AUTOS = YES_AGGRESSIVE;
				GCC_WARN_UNUSED_FUNCTION = YES;
				GCC_WARN_UNUSED_VARIABLE = YES;
				MACOSX_DEPLOYMENT_TARGET = 10.9;
				ONLY_ACTIVE_ARCH = YES;
				SDKROOT = macosx;
			};
			name = Debug;
		};
		770506A1187CE43400BA4635 /* Release */ = {
			isa = XCBuildConfiguration;
			buildSettings = {
				ALWAYS_SEARCH_USER_PATHS = NO;
				CLANG_CXX_LANGUAGE_STANDARD = "gnu++0x";
				CLANG_CXX_LIBRARY = "libc++";
				CLANG_ENABLE_OBJC_ARC = YES;
				CLANG_WARN_BOOL_CONVERSION = YES;
				CLANG_WARN_CONSTANT_CONVERSION = YES;
				CLANG_WARN_DIRECT_OBJC_ISA_USAGE = YES_ERROR;
				CLANG_WARN_EMPTY_BODY = YES;
				CLANG_WARN_ENUM_CONVERSION = YES;
				CLANG_WARN_INT_CONVERSION = YES;
				CLANG_WARN_OBJC_ROOT_CLASS = YES_ERROR;
				CLANG_WARN__DUPLICATE_METHOD_MATCH = YES;
				COPY_PHASE_STRIP = YES;
				DEBUG_INFORMATION_FORMAT = "dwarf-with-dsym";
				ENABLE_NS_ASSERTIONS = NO;
				GCC_C_LANGUAGE_STANDARD = gnu99;
				GCC_ENABLE_OBJC_EXCEPTIONS = YES;
				GCC_WARN_64_TO_32_BIT_CONVERSION = YES;
				GCC_WARN_ABOUT_RETURN_TYPE = YES_ERROR;
				GCC_WARN_UNDECLARED_SELECTOR = YES;
				GCC_WARN_UNINITIALIZED_AUTOS = YES_AGGRESSIVE;
				GCC_WARN_UNUSED_FUNCTION = YES;
				GCC_WARN_UNUSED_VARIABLE = YES;
				MACOSX_DEPLOYMENT_TARGET = 10.9;
				SDKROOT = macosx;
			};
			name = Release;
		};
		770506A3187CE43400BA4635 /* Debug */ = {
			isa = XCBuildConfiguration;
			buildSettings = {
				ASSETCATALOG_COMPILER_APPICON_NAME = AppIcon;
				COMBINE_HIDPI_IMAGES = YES;
				FRAMEWORK_SEARCH_PATHS = "$(inherited)";
				GCC_PRECOMPILE_PREFIX_HEADER = YES;
				GCC_PREFIX_HEADER = "Stockfish/Stockfish-Prefix.pch";
				INFOPLIST_FILE = "Stockfish/Stockfish-Info.plist";
				PRODUCT_NAME = "$(TARGET_NAME)";
				WRAPPER_EXTENSION = app;
			};
			name = Debug;
		};
		770506A4187CE43400BA4635 /* Release */ = {
			isa = XCBuildConfiguration;
			buildSettings = {
				ASSETCATALOG_COMPILER_APPICON_NAME = AppIcon;
				COMBINE_HIDPI_IMAGES = YES;
				FRAMEWORK_SEARCH_PATHS = "$(inherited)";
				GCC_PRECOMPILE_PREFIX_HEADER = YES;
				GCC_PREFIX_HEADER = "Stockfish/Stockfish-Prefix.pch";
				INFOPLIST_FILE = "Stockfish/Stockfish-Info.plist";
				PRODUCT_NAME = "$(TARGET_NAME)";
				WRAPPER_EXTENSION = app;
			};
			name = Release;
		};
		770506A6187CE43400BA4635 /* Debug */ = {
			isa = XCBuildConfiguration;
			buildSettings = {
				BUNDLE_LOADER = "$(BUILT_PRODUCTS_DIR)/Stockfish.app/Contents/MacOS/Stockfish";
				COMBINE_HIDPI_IMAGES = YES;
				FRAMEWORK_SEARCH_PATHS = (
					"$(DEVELOPER_FRAMEWORKS_DIR)",
					"$(inherited)",
				);
				GCC_PRECOMPILE_PREFIX_HEADER = YES;
				GCC_PREFIX_HEADER = "Stockfish/Stockfish-Prefix.pch";
				GCC_PREPROCESSOR_DEFINITIONS = (
					"DEBUG=1",
					"$(inherited)",
				);
				INFOPLIST_FILE = "StockfishTests/StockfishTests-Info.plist";
				PRODUCT_NAME = "$(TARGET_NAME)";
				TEST_HOST = "$(BUNDLE_LOADER)";
				WRAPPER_EXTENSION = xctest;
			};
			name = Debug;
		};
		770506A7187CE43400BA4635 /* Release */ = {
			isa = XCBuildConfiguration;
			buildSettings = {
				BUNDLE_LOADER = "$(BUILT_PRODUCTS_DIR)/Stockfish.app/Contents/MacOS/Stockfish";
				COMBINE_HIDPI_IMAGES = YES;
				FRAMEWORK_SEARCH_PATHS = (
					"$(DEVELOPER_FRAMEWORKS_DIR)",
					"$(inherited)",
				);
				GCC_PRECOMPILE_PREFIX_HEADER = YES;
				GCC_PREFIX_HEADER = "Stockfish/Stockfish-Prefix.pch";
				INFOPLIST_FILE = "StockfishTests/StockfishTests-Info.plist";
				PRODUCT_NAME = "$(TARGET_NAME)";
				TEST_HOST = "$(BUNDLE_LOADER)";
				WRAPPER_EXTENSION = xctest;
			};
			name = Release;
		};
/* End XCBuildConfiguration section */

/* Begin XCConfigurationList section */
		77050669187CE43300BA4635 /* Build configuration list for PBXProject "Stockfish" */ = {
			isa = XCConfigurationList;
			buildConfigurations = (
				770506A0187CE43400BA4635 /* Debug */,
				770506A1187CE43400BA4635 /* Release */,
			);
			defaultConfigurationIsVisible = 0;
			defaultConfigurationName = Release;
		};
		770506A2187CE43400BA4635 /* Build configuration list for PBXNativeTarget "Stockfish" */ = {
			isa = XCConfigurationList;
			buildConfigurations = (
				770506A3187CE43400BA4635 /* Debug */,
				770506A4187CE43400BA4635 /* Release */,
			);
			defaultConfigurationIsVisible = 0;
			defaultConfigurationName = Release;
		};
		770506A5187CE43400BA4635 /* Build configuration list for PBXNativeTarget "StockfishTests" */ = {
			isa = XCConfigurationList;
			buildConfigurations = (
				770506A6187CE43400BA4635 /* Debug */,
				770506A7187CE43400BA4635 /* Release */,
			);
			defaultConfigurationIsVisible = 0;
			defaultConfigurationName = Release;
		};
/* End XCConfigurationList section */
	};
	rootObject = 77050666187CE43300BA4635 /* Project object */;
}
