// !$*UTF8*$!
{
	archiveVersion = 1;
	classes = {
	};
	objectVersion = 46;
	objects = {

/* Begin PBXBuildFile section */
		77050672187CE43300BA4635 /* Cocoa.framework in Frameworks */ = {isa = PBXBuildFile; fileRef = 77050671187CE43300BA4635 /* Cocoa.framework */; };
		7705067C187CE43300BA4635 /* InfoPlist.strings in Resources */ = {isa = PBXBuildFile; fileRef = 7705067A187CE43300BA4635 /* InfoPlist.strings */; };
		7705067E187CE43300BA4635 /* main.m in Sources */ = {isa = PBXBuildFile; fileRef = 7705067D187CE43300BA4635 /* main.m */; };
		77050682187CE43400BA4635 /* Credits.rtf in Resources */ = {isa = PBXBuildFile; fileRef = 77050680187CE43400BA4635 /* Credits.rtf */; };
		77050685187CE43400BA4635 /* SFMDocument.m in Sources */ = {isa = PBXBuildFile; fileRef = 77050684187CE43400BA4635 /* SFMDocument.m */; };
		77050688187CE43400BA4635 /* SFMDocument.xib in Resources */ = {isa = PBXBuildFile; fileRef = 77050686187CE43400BA4635 /* SFMDocument.xib */; };
		7705068B187CE43400BA4635 /* MainMenu.xib in Resources */ = {isa = PBXBuildFile; fileRef = 77050689187CE43400BA4635 /* MainMenu.xib */; };
		7705068D187CE43400BA4635 /* Images.xcassets in Resources */ = {isa = PBXBuildFile; fileRef = 7705068C187CE43400BA4635 /* Images.xcassets */; };
		77050694187CE43400BA4635 /* XCTest.framework in Frameworks */ = {isa = PBXBuildFile; fileRef = 77050693187CE43400BA4635 /* XCTest.framework */; };
		77050695187CE43400BA4635 /* Cocoa.framework in Frameworks */ = {isa = PBXBuildFile; fileRef = 77050671187CE43300BA4635 /* Cocoa.framework */; };
		7705069D187CE43400BA4635 /* InfoPlist.strings in Resources */ = {isa = PBXBuildFile; fileRef = 7705069B187CE43400BA4635 /* InfoPlist.strings */; };
		7705069F187CE43400BA4635 /* StockfishTests.m in Sources */ = {isa = PBXBuildFile; fileRef = 7705069E187CE43400BA4635 /* StockfishTests.m */; };
/* End PBXBuildFile section */

/* Begin PBXContainerItemProxy section */
		77050696187CE43400BA4635 /* PBXContainerItemProxy */ = {
			isa = PBXContainerItemProxy;
			containerPortal = 77050666187CE43300BA4635 /* Project object */;
			proxyType = 1;
			remoteGlobalIDString = 7705066D187CE43300BA4635;
			remoteInfo = Stockfish;
		};
/* End PBXContainerItemProxy section */

/* Begin PBXFileReference section */
		7705066E187CE43300BA4635 /* Stockfish.app */ = {isa = PBXFileReference; explicitFileType = wrapper.application; includeInIndex = 0; path = Stockfish.app; sourceTree = BUILT_PRODUCTS_DIR; };
		77050671187CE43300BA4635 /* Cocoa.framework */ = {isa = PBXFileReference; lastKnownFileType = wrapper.framework; name = Cocoa.framework; path = System/Library/Frameworks/Cocoa.framework; sourceTree = SDKROOT; };
		77050674187CE43300BA4635 /* AppKit.framework */ = {isa = PBXFileReference; lastKnownFileType = wrapper.framework; name = AppKit.framework; path = System/Library/Frameworks/AppKit.framework; sourceTree = SDKROOT; };
		77050675187CE43300BA4635 /* CoreData.framework */ = {isa = PBXFileReference; lastKnownFileType = wrapper.framework; name = CoreData.framework; path = System/Library/Frameworks/CoreData.framework; sourceTree = SDKROOT; };
		77050676187CE43300BA4635 /* Foundation.framework */ = {isa = PBXFileReference; lastKnownFileType = wrapper.framework; name = Foundation.framework; path = System/Library/Frameworks/Foundation.framework; sourceTree = SDKROOT; };
		77050679187CE43300BA4635 /* Stockfish-Info.plist */ = {isa = PBXFileReference; lastKnownFileType = text.plist.xml; path = "Stockfish-Info.plist"; sourceTree = "<group>"; };
		7705067B187CE43300BA4635 /* en */ = {isa = PBXFileReference; lastKnownFileType = text.plist.strings; name = en; path = en.lproj/InfoPlist.strings; sourceTree = "<group>"; };
		7705067D187CE43300BA4635 /* main.m */ = {isa = PBXFileReference; lastKnownFileType = sourcecode.c.objc; path = main.m; sourceTree = "<group>"; };
		7705067F187CE43300BA4635 /* Stockfish-Prefix.pch */ = {isa = PBXFileReference; lastKnownFileType = sourcecode.c.h; path = "Stockfish-Prefix.pch"; sourceTree = "<group>"; };
		77050681187CE43400BA4635 /* en */ = {isa = PBXFileReference; lastKnownFileType = text.rtf; name = en; path = en.lproj/Credits.rtf; sourceTree = "<group>"; };
		77050683187CE43400BA4635 /* SFMDocument.h */ = {isa = PBXFileReference; lastKnownFileType = sourcecode.c.h; path = SFMDocument.h; sourceTree = "<group>"; };
		77050684187CE43400BA4635 /* SFMDocument.m */ = {isa = PBXFileReference; lastKnownFileType = sourcecode.c.objc; path = SFMDocument.m; sourceTree = "<group>"; };
		77050687187CE43400BA4635 /* Base */ = {isa = PBXFileReference; lastKnownFileType = file.xib; name = Base; path = Base.lproj/SFMDocument.xib; sourceTree = "<group>"; };
		7705068A187CE43400BA4635 /* Base */ = {isa = PBXFileReference; lastKnownFileType = file.xib; name = Base; path = Base.lproj/MainMenu.xib; sourceTree = "<group>"; };
		7705068C187CE43400BA4635 /* Images.xcassets */ = {isa = PBXFileReference; lastKnownFileType = folder.assetcatalog; path = Images.xcassets; sourceTree = "<group>"; };
		77050692187CE43400BA4635 /* StockfishTests.xctest */ = {isa = PBXFileReference; explicitFileType = wrapper.cfbundle; includeInIndex = 0; path = StockfishTests.xctest; sourceTree = BUILT_PRODUCTS_DIR; };
		77050693187CE43400BA4635 /* XCTest.framework */ = {isa = PBXFileReference; lastKnownFileType = wrapper.framework; name = XCTest.framework; path = Library/Frameworks/XCTest.framework; sourceTree = DEVELOPER_DIR; };
		7705069A187CE43400BA4635 /* StockfishTests-Info.plist */ = {isa = PBXFileReference; lastKnownFileType = text.plist.xml; path = "StockfishTests-Info.plist"; sourceTree = "<group>"; };
		7705069C187CE43400BA4635 /* en */ = {isa = PBXFileReference; lastKnownFileType = text.plist.strings; name = en; path = en.lproj/InfoPlist.strings; sourceTree = "<group>"; };
		7705069E187CE43400BA4635 /* StockfishTests.m */ = {isa = PBXFileReference; lastKnownFileType = sourcecode.c.objc; path = StockfishTests.m; sourceTree = "<group>"; };
/* End PBXFileReference section */

/* Begin PBXFrameworksBuildPhase section */
		7705066B187CE43300BA4635 /* Frameworks */ = {
			isa = PBXFrameworksBuildPhase;
			buildActionMask = 2147483647;
			files = (
				77050672187CE43300BA4635 /* Cocoa.framework in Frameworks */,
			);
			runOnlyForDeploymentPostprocessing = 0;
		};
		7705068F187CE43400BA4635 /* Frameworks */ = {
			isa = PBXFrameworksBuildPhase;
			buildActionMask = 2147483647;
			files = (
				77050695187CE43400BA4635 /* Cocoa.framework in Frameworks */,
				77050694187CE43400BA4635 /* XCTest.framework in Frameworks */,
			);
			runOnlyForDeploymentPostprocessing = 0;
		};
/* End PBXFrameworksBuildPhase section */

/* Begin PBXGroup section */
		77050665187CE43300BA4635 = {
			isa = PBXGroup;
			children = (
				77050677187CE43300BA4635 /* Stockfish */,
				77050698187CE43400BA4635 /* StockfishTests */,
				77050670187CE43300BA4635 /* Frameworks */,
				7705066F187CE43300BA4635 /* Products */,
			);
			sourceTree = "<group>";
		};
		7705066F187CE43300BA4635 /* Products */ = {
			isa = PBXGroup;
			children = (
				7705066E187CE43300BA4635 /* Stockfish.app */,
				77050692187CE43400BA4635 /* StockfishTests.xctest */,
			);
			name = Products;
			sourceTree = "<group>";
		};
		77050670187CE43300BA4635 /* Frameworks */ = {
			isa = PBXGroup;
			children = (
				77050671187CE43300BA4635 /* Cocoa.framework */,
				77050693187CE43400BA4635 /* XCTest.framework */,
				77050673187CE43300BA4635 /* Other Frameworks */,
			);
			name = Frameworks;
			sourceTree = "<group>";
		};
		77050673187CE43300BA4635 /* Other Frameworks */ = {
			isa = PBXGroup;
			children = (
				77050674187CE43300BA4635 /* AppKit.framework */,
				77050675187CE43300BA4635 /* CoreData.framework */,
				77050676187CE43300BA4635 /* Foundation.framework */,
			);
			name = "Other Frameworks";
			sourceTree = "<group>";
		};
		77050677187CE43300BA4635 /* Stockfish */ = {
			isa = PBXGroup;
			children = (
				77050683187CE43400BA4635 /* SFMDocument.h */,
				77050684187CE43400BA4635 /* SFMDocument.m */,
				77050686187CE43400BA4635 /* SFMDocument.xib */,
				77050689187CE43400BA4635 /* MainMenu.xib */,
				7705068C187CE43400BA4635 /* Images.xcassets */,
				77050678187CE43300BA4635 /* Supporting Files */,
			);
			path = Stockfish;
			sourceTree = "<group>";
		};
		77050678187CE43300BA4635 /* Supporting Files */ = {
			isa = PBXGroup;
			children = (
				77050679187CE43300BA4635 /* Stockfish-Info.plist */,
				7705067A187CE43300BA4635 /* InfoPlist.strings */,
				7705067D187CE43300BA4635 /* main.m */,
				7705067F187CE43300BA4635 /* Stockfish-Prefix.pch */,
				77050680187CE43400BA4635 /* Credits.rtf */,
			);
			name = "Supporting Files";
			sourceTree = "<group>";
		};
		77050698187CE43400BA4635 /* StockfishTests */ = {
			isa = PBXGroup;
			children = (
				7705069E187CE43400BA4635 /* StockfishTests.m */,
				77050699187CE43400BA4635 /* Supporting Files */,
			);
			path = StockfishTests;
			sourceTree = "<group>";
		};
		77050699187CE43400BA4635 /* Supporting Files */ = {
			isa = PBXGroup;
			children = (
				7705069A187CE43400BA4635 /* StockfishTests-Info.plist */,
				7705069B187CE43400BA4635 /* InfoPlist.strings */,
			);
			name = "Supporting Files";
			sourceTree = "<group>";
		};
/* End PBXGroup section */

/* Begin PBXNativeTarget section */
		7705066D187CE43300BA4635 /* Stockfish */ = {
			isa = PBXNativeTarget;
			buildConfigurationList = 770506A2187CE43400BA4635 /* Build configuration list for PBXNativeTarget "Stockfish" */;
			buildPhases = (
				7705066A187CE43300BA4635 /* Sources */,
				7705066B187CE43300BA4635 /* Frameworks */,
				7705066C187CE43300BA4635 /* Resources */,
			);
			buildRules = (
			);
			dependencies = (
			);
			name = Stockfish;
			productName = Stockfish;
			productReference = 7705066E187CE43300BA4635 /* Stockfish.app */;
			productType = "com.apple.product-type.application";
		};
		77050691187CE43400BA4635 /* StockfishTests */ = {
			isa = PBXNativeTarget;
			buildConfigurationList = 770506A5187CE43400BA4635 /* Build configuration list for PBXNativeTarget "StockfishTests" */;
			buildPhases = (
				7705068E187CE43400BA4635 /* Sources */,
				7705068F187CE43400BA4635 /* Frameworks */,
				77050690187CE43400BA4635 /* Resources */,
			);
			buildRules = (
			);
			dependencies = (
				77050697187CE43400BA4635 /* PBXTargetDependency */,
			);
			name = StockfishTests;
			productName = StockfishTests;
			productReference = 77050692187CE43400BA4635 /* StockfishTests.xctest */;
			productType = "com.apple.product-type.bundle.unit-test";
		};
/* End PBXNativeTarget section */

/* Begin PBXProject section */
		77050666187CE43300BA4635 /* Project object */ = {
			isa = PBXProject;
			attributes = {
				CLASSPREFIX = SFM;
				LastUpgradeCheck = 0510;
				ORGANIZATIONNAME = "Daylen Yang";
				TargetAttributes = {
					77050691187CE43400BA4635 = {
						TestTargetID = 7705066D187CE43300BA4635;
					};
				};
			};
			buildConfigurationList = 77050669187CE43300BA4635 /* Build configuration list for PBXProject "Stockfish" */;
			compatibilityVersion = "Xcode 3.2";
			developmentRegion = English;
			hasScannedForEncodings = 0;
			knownRegions = (
				en,
				Base,
			);
			mainGroup = 77050665187CE43300BA4635;
			productRefGroup = 7705066F187CE43300BA4635 /* Products */;
			projectDirPath = "";
			projectRoot = "";
			targets = (
				7705066D187CE43300BA4635 /* Stockfish */,
				77050691187CE43400BA4635 /* StockfishTests */,
			);
		};
/* End PBXProject section */

/* Begin PBXResourcesBuildPhase section */
		7705066C187CE43300BA4635 /* Resources */ = {
			isa = PBXResourcesBuildPhase;
			buildActionMask = 2147483647;
			files = (
				77050688187CE43400BA4635 /* SFMDocument.xib in Resources */,
				7705068D187CE43400BA4635 /* Images.xcassets in Resources */,
				7705067C187CE43300BA4635 /* InfoPlist.strings in Resources */,
				77050682187CE43400BA4635 /* Credits.rtf in Resources */,
				7705068B187CE43400BA4635 /* MainMenu.xib in Resources */,
			);
			runOnlyForDeploymentPostprocessing = 0;
		};
		77050690187CE43400BA4635 /* Resources */ = {
			isa = PBXResourcesBuildPhase;
			buildActionMask = 2147483647;
			files = (
				7705069D187CE43400BA4635 /* InfoPlist.strings in Resources */,
			);
			runOnlyForDeploymentPostprocessing = 0;
		};
/* End PBXResourcesBuildPhase section */

/* Begin PBXSourcesBuildPhase section */
		7705066A187CE43300BA4635 /* Sources */ = {
			isa = PBXSourcesBuildPhase;
			buildActionMask = 2147483647;
			files = (
				7705067E187CE43300BA4635 /* main.m in Sources */,
				77050685187CE43400BA4635 /* SFMDocument.m in Sources */,
			);
			runOnlyForDeploymentPostprocessing = 0;
		};
		7705068E187CE43400BA4635 /* Sources */ = {
			isa = PBXSourcesBuildPhase;
			buildActionMask = 2147483647;
			files = (
				7705069F187CE43400BA4635 /* StockfishTests.m in Sources */,
			);
			runOnlyForDeploymentPostprocessing = 0;
		};
/* End PBXSourcesBuildPhase section */

/* Begin PBXTargetDependency section */
		77050697187CE43400BA4635 /* PBXTargetDependency */ = {
			isa = PBXTargetDependency;
			target = 7705066D187CE43300BA4635 /* Stockfish */;
			targetProxy = 77050696187CE43400BA4635 /* PBXContainerItemProxy */;
		};
/* End PBXTargetDependency section */

/* Begin PBXVariantGroup section */
		7705067A187CE43300BA4635 /* InfoPlist.strings */ = {
			isa = PBXVariantGroup;
			children = (
				7705067B187CE43300BA4635 /* en */,
			);
			name = InfoPlist.strings;
			sourceTree = "<group>";
		};
		77050680187CE43400BA4635 /* Credits.rtf */ = {
			isa = PBXVariantGroup;
			children = (
				77050681187CE43400BA4635 /* en */,
			);
			name = Credits.rtf;
			sourceTree = "<group>";
		};
		77050686187CE43400BA4635 /* SFMDocument.xib */ = {
			isa = PBXVariantGroup;
			children = (
				77050687187CE43400BA4635 /* Base */,
			);
			name = SFMDocument.xib;
			sourceTree = "<group>";
		};
		77050689187CE43400BA4635 /* MainMenu.xib */ = {
			isa = PBXVariantGroup;
			children = (
				7705068A187CE43400BA4635 /* Base */,
			);
			name = MainMenu.xib;
			sourceTree = "<group>";
		};
		7705069B187CE43400BA4635 /* InfoPlist.strings */ = {
			isa = PBXVariantGroup;
			children = (
				7705069C187CE43400BA4635 /* en */,
			);
			name = InfoPlist.strings;
			sourceTree = "<group>";
		};
/* End PBXVariantGroup section */

/* Begin XCBuildConfiguration section */
		770506A0187CE43400BA4635 /* Debug */ = {
			isa = XCBuildConfiguration;
			buildSettings = {
				ALWAYS_SEARCH_USER_PATHS = NO;
				CLANG_CXX_LANGUAGE_STANDARD = "gnu++0x";
				CLANG_CXX_LIBRARY = "libc++";
				CLANG_ENABLE_OBJC_ARC = YES;
				CLANG_WARN_BOOL_CONVERSION = YES;
				CLANG_WARN_CONSTANT_CONVERSION = YES;
				CLANG_WARN_DIRECT_OBJC_ISA_USAGE = YES_ERROR;
				CLANG_WARN_EMPTY_BODY = YES;
				CLANG_WARN_ENUM_CONVERSION = YES;
				CLANG_WARN_INT_CONVERSION = YES;
				CLANG_WARN_OBJC_ROOT_CLASS = YES_ERROR;
				CLANG_WARN__DUPLICATE_METHOD_MATCH = YES;
				COPY_PHASE_STRIP = NO;
				GCC_C_LANGUAGE_STANDARD = gnu99;
				GCC_DYNAMIC_NO_PIC = NO;
				GCC_ENABLE_OBJC_EXCEPTIONS = YES;
				GCC_OPTIMIZATION_LEVEL = 0;
				GCC_PREPROCESSOR_DEFINITIONS = (
					"DEBUG=1",
					"$(inherited)",
				);
				GCC_SYMBOLS_PRIVATE_EXTERN = NO;
				GCC_WARN_64_TO_32_BIT_CONVERSION = YES;
				GCC_WARN_ABOUT_RETURN_TYPE = YES_ERROR;
				GCC_WARN_UNDECLARED_SELECTOR = YES;
				GCC_WARN_UNINITIALIZED_AUTOS = YES_AGGRESSIVE;
				GCC_WARN_UNUSED_FUNCTION = YES;
				GCC_WARN_UNUSED_VARIABLE = YES;
				MACOSX_DEPLOYMENT_TARGET = 10.9;
				ONLY_ACTIVE_ARCH = YES;
				SDKROOT = macosx;
			};
			name = Debug;
		};
		770506A1187CE43400BA4635 /* Release */ = {
			isa = XCBuildConfiguration;
			buildSettings = {
				ALWAYS_SEARCH_USER_PATHS = NO;
				CLANG_CXX_LANGUAGE_STANDARD = "gnu++0x";
				CLANG_CXX_LIBRARY = "libc++";
				CLANG_ENABLE_OBJC_ARC = YES;
				CLANG_WARN_BOOL_CONVERSION = YES;
				CLANG_WARN_CONSTANT_CONVERSION = YES;
				CLANG_WARN_DIRECT_OBJC_ISA_USAGE = YES_ERROR;
				CLANG_WARN_EMPTY_BODY = YES;
				CLANG_WARN_ENUM_CONVERSION = YES;
				CLANG_WARN_INT_CONVERSION = YES;
				CLANG_WARN_OBJC_ROOT_CLASS = YES_ERROR;
				CLANG_WARN__DUPLICATE_METHOD_MATCH = YES;
				COPY_PHASE_STRIP = YES;
				DEBUG_INFORMATION_FORMAT = "dwarf-with-dsym";
				ENABLE_NS_ASSERTIONS = NO;
				GCC_C_LANGUAGE_STANDARD = gnu99;
				GCC_ENABLE_OBJC_EXCEPTIONS = YES;
				GCC_WARN_64_TO_32_BIT_CONVERSION = YES;
				GCC_WARN_ABOUT_RETURN_TYPE = YES_ERROR;
				GCC_WARN_UNDECLARED_SELECTOR = YES;
				GCC_WARN_UNINITIALIZED_AUTOS = YES_AGGRESSIVE;
				GCC_WARN_UNUSED_FUNCTION = YES;
				GCC_WARN_UNUSED_VARIABLE = YES;
				MACOSX_DEPLOYMENT_TARGET = 10.9;
				SDKROOT = macosx;
			};
			name = Release;
		};
		770506A3187CE43400BA4635 /* Debug */ = {
			isa = XCBuildConfiguration;
			buildSettings = {
				ASSETCATALOG_COMPILER_APPICON_NAME = AppIcon;
				COMBINE_HIDPI_IMAGES = YES;
				GCC_PRECOMPILE_PREFIX_HEADER = YES;
				GCC_PREFIX_HEADER = "Stockfish/Stockfish-Prefix.pch";
				INFOPLIST_FILE = "Stockfish/Stockfish-Info.plist";
				PRODUCT_NAME = "$(TARGET_NAME)";
				WRAPPER_EXTENSION = app;
			};
			name = Debug;
		};
		770506A4187CE43400BA4635 /* Release */ = {
			isa = XCBuildConfiguration;
			buildSettings = {
				ASSETCATALOG_COMPILER_APPICON_NAME = AppIcon;
				COMBINE_HIDPI_IMAGES = YES;
				GCC_PRECOMPILE_PREFIX_HEADER = YES;
				GCC_PREFIX_HEADER = "Stockfish/Stockfish-Prefix.pch";
				INFOPLIST_FILE = "Stockfish/Stockfish-Info.plist";
				PRODUCT_NAME = "$(TARGET_NAME)";
				WRAPPER_EXTENSION = app;
			};
			name = Release;
		};
		770506A6187CE43400BA4635 /* Debug */ = {
			isa = XCBuildConfiguration;
			buildSettings = {
				BUNDLE_LOADER = "$(BUILT_PRODUCTS_DIR)/Stockfish.app/Contents/MacOS/Stockfish";
				COMBINE_HIDPI_IMAGES = YES;
				FRAMEWORK_SEARCH_PATHS = (
					"$(DEVELOPER_FRAMEWORKS_DIR)",
					"$(inherited)",
				);
				GCC_PRECOMPILE_PREFIX_HEADER = YES;
				GCC_PREFIX_HEADER = "Stockfish/Stockfish-Prefix.pch";
				GCC_PREPROCESSOR_DEFINITIONS = (
					"DEBUG=1",
					"$(inherited)",
				);
				INFOPLIST_FILE = "StockfishTests/StockfishTests-Info.plist";
				PRODUCT_NAME = "$(TARGET_NAME)";
				TEST_HOST = "$(BUNDLE_LOADER)";
				WRAPPER_EXTENSION = xctest;
			};
			name = Debug;
		};
		770506A7187CE43400BA4635 /* Release */ = {
			isa = XCBuildConfiguration;
			buildSettings = {
				BUNDLE_LOADER = "$(BUILT_PRODUCTS_DIR)/Stockfish.app/Contents/MacOS/Stockfish";
				COMBINE_HIDPI_IMAGES = YES;
				FRAMEWORK_SEARCH_PATHS = (
					"$(DEVELOPER_FRAMEWORKS_DIR)",
					"$(inherited)",
				);
				GCC_PRECOMPILE_PREFIX_HEADER = YES;
				GCC_PREFIX_HEADER = "Stockfish/Stockfish-Prefix.pch";
				INFOPLIST_FILE = "StockfishTests/StockfishTests-Info.plist";
				PRODUCT_NAME = "$(TARGET_NAME)";
				TEST_HOST = "$(BUNDLE_LOADER)";
				WRAPPER_EXTENSION = xctest;
			};
			name = Release;
		};
/* End XCBuildConfiguration section */

/* Begin XCConfigurationList section */
		77050669187CE43300BA4635 /* Build configuration list for PBXProject "Stockfish" */ = {
			isa = XCConfigurationList;
			buildConfigurations = (
				770506A0187CE43400BA4635 /* Debug */,
				770506A1187CE43400BA4635 /* Release */,
			);
			defaultConfigurationIsVisible = 0;
			defaultConfigurationName = Release;
		};
		770506A2187CE43400BA4635 /* Build configuration list for PBXNativeTarget "Stockfish" */ = {
			isa = XCConfigurationList;
			buildConfigurations = (
				770506A3187CE43400BA4635 /* Debug */,
				770506A4187CE43400BA4635 /* Release */,
			);
			defaultConfigurationIsVisible = 0;
		};
		770506A5187CE43400BA4635 /* Build configuration list for PBXNativeTarget "StockfishTests" */ = {
			isa = XCConfigurationList;
			buildConfigurations = (
				770506A6187CE43400BA4635 /* Debug */,
				770506A7187CE43400BA4635 /* Release */,
			);
			defaultConfigurationIsVisible = 0;
		};
/* End XCConfigurationList section */
	};
	rootObject = 77050666187CE43300BA4635 /* Project object */;
}
